
Microsoft Visual Studio Solution File, Format Version 12.00
# Visual Studio Version 17
VisualStudioVersion = 17.9.34728.123
MinimumVisualStudioVersion = 10.0.40219.1
Project("{9A19103F-16F7-4668-BE54-9A1E7A4F7556}") = "PrimeraAppNetMaui", "PrimeraAppNetMaui\PrimeraAppNetMaui.csproj", "{4BE1F65A-5E1C-4B19-A6E6-FB354EFA1702}"
EndProject
Global
	GlobalSection(SolutionConfigurationPlatforms) = preSolution
		Debug|Any CPU = Debug|Any CPU
		Release|Any CPU = Release|Any CPU
	EndGlobalSection
	GlobalSection(ProjectConfigurationPlatforms) = postSolution
		{4BE1F65A-5E1C-4B19-A6E6-FB354EFA1702}.Debug|Any CPU.ActiveCfg = Debug|Any CPU
		{4BE1F65A-5E1C-4B19-A6E6-FB354EFA1702}.Debug|Any CPU.Build.0 = Debug|Any CPU
		{4BE1F65A-5E1C-4B19-A6E6-FB354EFA1702}.Debug|Any CPU.Deploy.0 = Debug|Any CPU
		{4BE1F65A-5E1C-4B19-A6E6-FB354EFA1702}.Release|Any CPU.ActiveCfg = Release|Any CPU
		{4BE1F65A-5E1C-4B19-A6E6-FB354EFA1702}.Release|Any CPU.Build.0 = Release|Any CPU
		{4BE1F65A-5E1C-4B19-A6E6-FB354EFA1702}.Release|Any CPU.Deploy.0 = Release|Any CPU
	EndGlobalSection
	GlobalSection(SolutionProperties) = preSolution
		HideSolutionNode = FALSE
	EndGlobalSection
	GlobalSection(ExtensibilityGlobals) = postSolution
		SolutionGuid = {6049DC13-0DF5-41F8-A691-97CD7B3407E3}
	EndGlobalSection
EndGlobal
